
Microsoft Visual Studio Solution File, Format Version 12.00
# Visual Studio 14
VisualStudioVersion = 14.0.24720.0
MinimumVisualStudioVersion = 10.0.40219.1
Project("{2150E333-8FDC-42A3-9474-1A3956D46DE8}") = "Core", "Core", "{E691D9A8-B39A-40D0-B101-F154466C095F}"
EndProject
Project("{8BB2217D-0F2D-49D1-97BC-3654ED321F3B}") = "MoM.Module", "..\MoM\MoM.Module\MoM.Module.xproj", "{D3C87F61-4C59-4806-919F-3846A92120B9}"
EndProject
Project("{8BB2217D-0F2D-49D1-97BC-3654ED321F3B}") = "MoM.Web", "..\MoM\MoM.Web\MoM.Web.xproj", "{B08799DB-58D3-42C2-8CB1-CE190E2A6C17}"
EndProject
Project("{2150E333-8FDC-42A3-9474-1A3956D46DE8}") = "Solution Items", "Solution Items", "{0DE951A9-844B-43DA-95CD-8D8F8B34B5B7}"
	ProjectSection(SolutionItems) = preProject
		global.json = global.json
		README.md = README.md
	EndProjectSection
EndProject
Project("{8BB2217D-0F2D-49D1-97BC-3654ED321F3B}") = "MoM.Blog", "MoM.Blog\MoM.Blog.xproj", "{CAEF0A87-50B5-4F29-8C77-123906D3BB2D}"
EndProject
Project("{8BB2217D-0F2D-49D1-97BC-3654ED321F3B}") = "MoM.Tutorial", "MoM.Tutorial\MoM.Tutorial.xproj", "{DDD9ED41-5F43-4EA9-AC47-83568CE8224A}"
EndProject
Project("{2150E333-8FDC-42A3-9474-1A3956D46DE8}") = "MoM", "MoM", "{F57B0476-A557-4D35-B2E3-4B8EAD0837D3}"
	ProjectSection(SolutionItems) = preProject
		..\MoM\MoM.Web\global.json = ..\MoM\MoM.Web\global.json
		..\MoM\README.md = ..\MoM\README.md
	EndProjectSection
EndProject
Project("{8BB2217D-0F2D-49D1-97BC-3654ED321F3B}") = "MoM.CMS", "MoM.CMS\MoM.CMS.xproj", "{9A68D8D9-8C5F-45F8-87EC-9BC97F10D6C7}"
EndProject
Project("{2150E333-8FDC-42A3-9474-1A3956D46DE8}") = "Root", "Root", "{674CFB51-AB9A-466B-9127-C52AA2C81B37}"
	ProjectSection(SolutionItems) = preProject
		..\gulpfile.js = ..\gulpfile.js
		..\package.json = ..\package.json
		..\typings.json = ..\typings.json
	EndProjectSection
EndProject
Project("{2150E333-8FDC-42A3-9474-1A3956D46DE8}") = "MoM.Module", "MoM.Module", "{BC89C5BA-5C9B-4828-AE42-395B33A28682}"
	ProjectSection(SolutionItems) = preProject
		global.json = global.json
		README.md = README.md
	EndProjectSection
EndProject
Global
	GlobalSection(SolutionConfigurationPlatforms) = preSolution
		Debug|Any CPU = Debug|Any CPU
		Release|Any CPU = Release|Any CPU
	EndGlobalSection
	GlobalSection(ProjectConfigurationPlatforms) = postSolution
		{D3C87F61-4C59-4806-919F-3846A92120B9}.Debug|Any CPU.ActiveCfg = Debug|Any CPU
		{D3C87F61-4C59-4806-919F-3846A92120B9}.Debug|Any CPU.Build.0 = Debug|Any CPU
		{D3C87F61-4C59-4806-919F-3846A92120B9}.Release|Any CPU.ActiveCfg = Release|Any CPU
		{D3C87F61-4C59-4806-919F-3846A92120B9}.Release|Any CPU.Build.0 = Release|Any CPU
		{B08799DB-58D3-42C2-8CB1-CE190E2A6C17}.Debug|Any CPU.ActiveCfg = Debug|Any CPU
		{B08799DB-58D3-42C2-8CB1-CE190E2A6C17}.Debug|Any CPU.Build.0 = Debug|Any CPU
		{B08799DB-58D3-42C2-8CB1-CE190E2A6C17}.Release|Any CPU.ActiveCfg = Release|Any CPU
		{B08799DB-58D3-42C2-8CB1-CE190E2A6C17}.Release|Any CPU.Build.0 = Release|Any CPU
		{CAEF0A87-50B5-4F29-8C77-123906D3BB2D}.Debug|Any CPU.ActiveCfg = Debug|Any CPU
		{CAEF0A87-50B5-4F29-8C77-123906D3BB2D}.Debug|Any CPU.Build.0 = Debug|Any CPU
		{CAEF0A87-50B5-4F29-8C77-123906D3BB2D}.Release|Any CPU.ActiveCfg = Release|Any CPU
		{CAEF0A87-50B5-4F29-8C77-123906D3BB2D}.Release|Any CPU.Build.0 = Release|Any CPU
		{DDD9ED41-5F43-4EA9-AC47-83568CE8224A}.Debug|Any CPU.ActiveCfg = Debug|Any CPU
		{DDD9ED41-5F43-4EA9-AC47-83568CE8224A}.Debug|Any CPU.Build.0 = Debug|Any CPU
		{DDD9ED41-5F43-4EA9-AC47-83568CE8224A}.Release|Any CPU.ActiveCfg = Release|Any CPU
		{DDD9ED41-5F43-4EA9-AC47-83568CE8224A}.Release|Any CPU.Build.0 = Release|Any CPU
		{9A68D8D9-8C5F-45F8-87EC-9BC97F10D6C7}.Debug|Any CPU.ActiveCfg = Debug|Any CPU
		{9A68D8D9-8C5F-45F8-87EC-9BC97F10D6C7}.Debug|Any CPU.Build.0 = Debug|Any CPU
		{9A68D8D9-8C5F-45F8-87EC-9BC97F10D6C7}.Release|Any CPU.ActiveCfg = Release|Any CPU
		{9A68D8D9-8C5F-45F8-87EC-9BC97F10D6C7}.Release|Any CPU.Build.0 = Release|Any CPU
	EndGlobalSection
	GlobalSection(SolutionProperties) = preSolution
		HideSolutionNode = FALSE
	EndGlobalSection
	GlobalSection(NestedProjects) = preSolution
		{D3C87F61-4C59-4806-919F-3846A92120B9} = {E691D9A8-B39A-40D0-B101-F154466C095F}
		{B08799DB-58D3-42C2-8CB1-CE190E2A6C17} = {E691D9A8-B39A-40D0-B101-F154466C095F}
		{F57B0476-A557-4D35-B2E3-4B8EAD0837D3} = {0DE951A9-844B-43DA-95CD-8D8F8B34B5B7}
		{674CFB51-AB9A-466B-9127-C52AA2C81B37} = {0DE951A9-844B-43DA-95CD-8D8F8B34B5B7}
		{BC89C5BA-5C9B-4828-AE42-395B33A28682} = {0DE951A9-844B-43DA-95CD-8D8F8B34B5B7}
	EndGlobalSection
EndGlobal
